
Microsoft Visual Studio Solution File, Format Version 12.00
# Visual Studio Version 17
VisualStudioVersion = 17.4.33213.308
MinimumVisualStudioVersion = 10.0.40219.1
Project("{FAE04EC0-301F-11D3-BF4B-00C04F79EFBC}") = "BanDieuFood", "BanDieuFood\BanDieuFood.csproj", "{ABBE0E0A-BDCC-412A-AECE-4C6FF22ED386}"
EndProject
Global
	GlobalSection(SolutionConfigurationPlatforms) = preSolution
		Debug|Any CPU = Debug|Any CPU
		Release|Any CPU = Release|Any CPU
	EndGlobalSection
	GlobalSection(ProjectConfigurationPlatforms) = postSolution
		{ABBE0E0A-BDCC-412A-AECE-4C6FF22ED386}.Debug|Any CPU.ActiveCfg = Debug|Any CPU
		{ABBE0E0A-BDCC-412A-AECE-4C6FF22ED386}.Debug|Any CPU.Build.0 = Debug|Any CPU
		{ABBE0E0A-BDCC-412A-AECE-4C6FF22ED386}.Release|Any CPU.ActiveCfg = Release|Any CPU
		{ABBE0E0A-BDCC-412A-AECE-4C6FF22ED386}.Release|Any CPU.Build.0 = Release|Any CPU
	EndGlobalSection
	GlobalSection(SolutionProperties) = preSolution
		HideSolutionNode = FALSE
	EndGlobalSection
	GlobalSection(ExtensibilityGlobals) = postSolution
		SolutionGuid = {6889D3F2-3D9A-4C8D-BB26-63C88BFC7A81}
	EndGlobalSection
EndGlobal
